
Microsoft Visual Studio Solution File, Format Version 12.00
# Visual Studio Version 17
VisualStudioVersion = 17.2.32630.192
MinimumVisualStudioVersion = 10.0.40219.1
Project("{2150E333-8FDC-42A3-9474-1A3956D46DE8}") = "Core", "Core", "{FA3794BD-1C1D-42CC-BF6D-DA31B7004C4B}"
EndProject
Project("{2150E333-8FDC-42A3-9474-1A3956D46DE8}") = "Services", "Services", "{7C24A639-C6E6-45E2-A71F-CB4755199A98}"
EndProject
Project("{9A19103F-16F7-4668-BE54-9A1E7A4F7556}") = "Votus.Voto.API", "Votus.Voto.API\Votus.Voto.API.csproj", "{742CBC46-E4FE-40DE-8874-93AEC343EC19}"
EndProject
Project("{9A19103F-16F7-4668-BE54-9A1E7A4F7556}") = "Votus.Pessoa.API", "Votus.Pessoa.API\Votus.Pessoa.API.csproj", "{3DA886F3-1FB5-42AA-A8FD-F209A58736FF}"
EndProject
Project("{9A19103F-16F7-4668-BE54-9A1E7A4F7556}") = "Votus.Proposicao.API", "Votus.Proposicao\Votus.Proposicao.API.csproj", "{37B57FF0-14EB-4B02-8EE7-4B95563C0E81}"
EndProject
Project("{9A19103F-16F7-4668-BE54-9A1E7A4F7556}") = "Votus.Common", "Votus.Common\Votus.Common.csproj", "{31DD8611-77AF-4F93-AE33-CCDE2A46D62C}"
EndProject
Global
	GlobalSection(SolutionConfigurationPlatforms) = preSolution
		Debug|Any CPU = Debug|Any CPU
		Release|Any CPU = Release|Any CPU
	EndGlobalSection
	GlobalSection(ProjectConfigurationPlatforms) = postSolution
		{742CBC46-E4FE-40DE-8874-93AEC343EC19}.Debug|Any CPU.ActiveCfg = Debug|Any CPU
		{742CBC46-E4FE-40DE-8874-93AEC343EC19}.Debug|Any CPU.Build.0 = Debug|Any CPU
		{742CBC46-E4FE-40DE-8874-93AEC343EC19}.Release|Any CPU.ActiveCfg = Release|Any CPU
		{742CBC46-E4FE-40DE-8874-93AEC343EC19}.Release|Any CPU.Build.0 = Release|Any CPU
		{3DA886F3-1FB5-42AA-A8FD-F209A58736FF}.Debug|Any CPU.ActiveCfg = Debug|Any CPU
		{3DA886F3-1FB5-42AA-A8FD-F209A58736FF}.Debug|Any CPU.Build.0 = Debug|Any CPU
		{3DA886F3-1FB5-42AA-A8FD-F209A58736FF}.Release|Any CPU.ActiveCfg = Release|Any CPU
		{3DA886F3-1FB5-42AA-A8FD-F209A58736FF}.Release|Any CPU.Build.0 = Release|Any CPU
		{37B57FF0-14EB-4B02-8EE7-4B95563C0E81}.Debug|Any CPU.ActiveCfg = Debug|Any CPU
		{37B57FF0-14EB-4B02-8EE7-4B95563C0E81}.Debug|Any CPU.Build.0 = Debug|Any CPU
		{37B57FF0-14EB-4B02-8EE7-4B95563C0E81}.Release|Any CPU.ActiveCfg = Release|Any CPU
		{37B57FF0-14EB-4B02-8EE7-4B95563C0E81}.Release|Any CPU.Build.0 = Release|Any CPU
		{31DD8611-77AF-4F93-AE33-CCDE2A46D62C}.Debug|Any CPU.ActiveCfg = Debug|Any CPU
		{31DD8611-77AF-4F93-AE33-CCDE2A46D62C}.Debug|Any CPU.Build.0 = Debug|Any CPU
		{31DD8611-77AF-4F93-AE33-CCDE2A46D62C}.Release|Any CPU.ActiveCfg = Release|Any CPU
		{31DD8611-77AF-4F93-AE33-CCDE2A46D62C}.Release|Any CPU.Build.0 = Release|Any CPU
	EndGlobalSection
	GlobalSection(SolutionProperties) = preSolution
		HideSolutionNode = FALSE
	EndGlobalSection
	GlobalSection(NestedProjects) = preSolution
		{742CBC46-E4FE-40DE-8874-93AEC343EC19} = {7C24A639-C6E6-45E2-A71F-CB4755199A98}
		{3DA886F3-1FB5-42AA-A8FD-F209A58736FF} = {7C24A639-C6E6-45E2-A71F-CB4755199A98}
		{37B57FF0-14EB-4B02-8EE7-4B95563C0E81} = {7C24A639-C6E6-45E2-A71F-CB4755199A98}
		{31DD8611-77AF-4F93-AE33-CCDE2A46D62C} = {FA3794BD-1C1D-42CC-BF6D-DA31B7004C4B}
	EndGlobalSection
	GlobalSection(ExtensibilityGlobals) = postSolution
		SolutionGuid = {B6405642-6041-4A99-A87F-4B91660D2BB5}
	EndGlobalSection
EndGlobal
